// !$*UTF8*$!
{
	archiveVersion = 1;
	classes = {
	};
	objectVersion = 90;
	objects = {

/* Begin PBXBuildFile section */
		CF1A4B212F25C28E00B95871 /* AppIcon.icon in Resources */ = {isa = PBXBuildFile; fileRef = CF1A4B202F25C28E00B95871 /* AppIcon.icon */; };
		CF9000652F20C59000D83F6F /* AppIcon.icon in Resources */ = {isa = PBXBuildFile; fileRef = CF9000642F20C59000D83F6F /* AppIcon.icon */; };
		CFA000012F24000100000001 /* AviaryInsights in Frameworks */ = {isa = PBXBuildFile; productRef = CFA000022F24000100000001 /* AviaryInsights */; };
		CFA000032F24000100000002 /* AppUpdater in Frameworks */ = {isa = PBXBuildFile; productRef = CFA000042F24000100000002 /* AppUpdater */; };
		CFA000052F24000100000003 /* PromiseKit in Frameworks */ = {isa = PBXBuildFile; productRef = CFA000062F24000100000003 /* PromiseKit */; };
/* End PBXBuildFile section */

/* Begin PBXFileReference section */
		CF1A4B0A2F25C28300B95871 /* GDS.FM.app */ = {isa = PBXFileReference; explicitFileType = wrapper.application; includeInIndex = 0; path = GDS.FM.app; sourceTree = BUILT_PRODUCTS_DIR; };
		CF1A4B202F25C28E00B95871 /* AppIcon.icon */ = {isa = PBXFileReference; lastKnownFileType = folder.iconcomposer.icon; path = AppIcon.icon; sourceTree = "<group>"; };
		CF9000642F20C59000D83F6F /* AppIcon.icon */ = {isa = PBXFileReference; lastKnownFileType = folder.iconcomposer.icon; path = AppIcon.icon; sourceTree = "<group>"; };
/* End PBXFileReference section */

/* Begin PBXFileSystemSynchronizedRootGroup section */
		CF4891A52F1D1DEB002E107B /* GDS.FM */ = {
			isa = PBXFileSystemSynchronizedRootGroup;
			path = GDS.FM;
			sourceTree = "<group>";
		};
/* End PBXFileSystemSynchronizedRootGroup section */

/* Begin PBXFrameworksBuildPhase section */
		CF4891A02F1D1DEB002E107B /* Frameworks */ = {
			isa = PBXFrameworksBuildPhase;
			files = (
				CFA000012F24000100000001 /* AviaryInsights in Frameworks */,
				CFA000032F24000100000002 /* AppUpdater in Frameworks */,
				CFA000052F24000100000003 /* PromiseKit in Frameworks */,
			);
		};
/* End PBXFrameworksBuildPhase section */

/* Begin PBXGroup section */
		CF48919A2F1D1DEB002E107B = {
			isa = PBXGroup;
			children = (
				CF4891A52F1D1DEB002E107B /* GDS.FM */,
				CF9000642F20C59000D83F6F /* AppIcon.icon */,
				CF1A4B0A2F25C28300B95871 /* GDS.FM.app */,
				CF1A4B202F25C28E00B95871 /* AppIcon.icon */,
			);
			sourceTree = "<group>";
		};
/* End PBXGroup section */

/* Begin PBXNativeTarget section */
		CF4891A22F1D1DEB002E107B /* GDS.FM */ = {
			isa = PBXNativeTarget;
			buildConfigurationList = CF4891B02F1D1DEB002E107B /* Build configuration list for PBXNativeTarget "GDS.FM" */;
			buildPhases = (
				CF48919F2F1D1DEB002E107B /* Sources */,
				CF4891A02F1D1DEB002E107B /* Frameworks */,
				CF4891A12F1D1DEB002E107B /* Resources */,
			);
			buildRules = (
			);
			fileSystemSynchronizedGroups = (
				CF4891A52F1D1DEB002E107B /* GDS.FM */,
			);
			name = GDS.FM;
			packageProductDependencies = (
				CFA000022F24000100000001 /* AviaryInsights */,
				CFA000042F24000100000002 /* AppUpdater */,
				CFA000062F24000100000003 /* PromiseKit */,
			);
			productName = GDS.FM;
			productReference = CF1A4B0A2F25C28300B95871 /* GDS.FM.app */;
			productType = "com.apple.product-type.application";
		};
/* End PBXNativeTarget section */

/* Begin PBXProject section */
		CF48919B2F1D1DEB002E107B /* Project object */ = {
			isa = PBXProject;
			attributes = {
				BuildIndependentTargetsInParallel = 1;
				LastSwiftUpdateCheck = 2620;
				LastUpgradeCheck = 2620;
				TargetAttributes = {
					CF4891A22F1D1DEB002E107B = {
						CreatedOnToolsVersion = 26.2;
					};
				};
			};
			buildConfigurationList = CF48919E2F1D1DEB002E107B /* Build configuration list for PBXProject "GDS.FM" */;
			developmentRegion = en;
			hasScannedForEncodings = 0;
			knownRegions = (
				en,
				Base,
			);
			mainGroup = CF48919A2F1D1DEB002E107B;
			minimizedProjectReferenceProxies = 1;
			packageReferences = (
				CFA000072F24000100000004 /* XCRemoteSwiftPackageReference "AviaryInsights" */,
				CFA000082F24000100000005 /* XCRemoteSwiftPackageReference "AppUpdater" */,
				CFA000092F24000100000006 /* XCRemoteSwiftPackageReference "PromiseKit" */,
			);
			preferredProjectObjectVersion = 90;
			productRefGroup = CF48919A2F1D1DEB002E107B;
			projectDirPath = "";
			projectRoot = "";
			targets = (
				CF4891A22F1D1DEB002E107B /* GDS.FM */,
			);
		};
/* End PBXProject section */

/* Begin PBXResourcesBuildPhase section */
		CF4891A12F1D1DEB002E107B /* Resources */ = {
			isa = PBXResourcesBuildPhase;
			files = (
				CF1A4B212F25C28E00B95871 /* AppIcon.icon in Resources */,
				CF9000652F20C59000D83F6F /* AppIcon.icon in Resources */,
			);
		};
/* End PBXResourcesBuildPhase section */

/* Begin PBXSourcesBuildPhase section */
		CF48919F2F1D1DEB002E107B /* Sources */ = {
			isa = PBXSourcesBuildPhase;
			files = (
			);
		};
/* End PBXSourcesBuildPhase section */

/* Begin XCBuildConfiguration section */
		CF4891AE2F1D1DEB002E107B /* Debug configuration for PBXProject "GDS.FM" */ = {
			isa = XCBuildConfiguration;
			buildSettings = {
				ALWAYS_SEARCH_USER_PATHS = NO;
				ASSETCATALOG_COMPILER_GENERATE_SWIFT_ASSET_SYMBOL_EXTENSIONS = YES;
				CLANG_ANALYZER_NONNULL = YES;
				CLANG_ANALYZER_NUMBER_OBJECT_CONVERSION = YES_AGGRESSIVE;
				CLANG_CXX_LANGUAGE_STANDARD = "gnu++20";
				CLANG_ENABLE_MODULES = YES;
				CLANG_ENABLE_OBJC_ARC = YES;
				CLANG_ENABLE_OBJC_WEAK = YES;
				CLANG_WARN_BLOCK_CAPTURE_AUTORELEASING = YES;
				CLANG_WARN_BOOL_CONVERSION = YES;
				CLANG_WARN_COMMA = YES;
				CLANG_WARN_CONSTANT_CONVERSION = YES;
				CLANG_WARN_DEPRECATED_OBJC_IMPLEMENTATIONS = YES;
				CLANG_WARN_DIRECT_OBJC_ISA_USAGE = YES_ERROR;
				CLANG_WARN_DOCUMENTATION_COMMENTS = YES;
				CLANG_WARN_EMPTY_BODY = YES;
				CLANG_WARN_ENUM_CONVERSION = YES;
				CLANG_WARN_INFINITE_RECURSION = YES;
				CLANG_WARN_INT_CONVERSION = YES;
				CLANG_WARN_NON_LITERAL_NULL_CONVERSION = YES;
				CLANG_WARN_OBJC_IMPLICIT_RETAIN_SELF = YES;
				CLANG_WARN_OBJC_LITERAL_CONVERSION = YES;
				CLANG_WARN_OBJC_ROOT_CLASS = YES_ERROR;
				CLANG_WARN_QUOTED_INCLUDE_IN_FRAMEWORK_HEADER = YES;
				CLANG_WARN_RANGE_LOOP_ANALYSIS = YES;
				CLANG_WARN_STRICT_PROTOTYPES = YES;
				CLANG_WARN_SUSPICIOUS_MOVE = YES;
				CLANG_WARN_UNGUARDED_AVAILABILITY = YES_AGGRESSIVE;
				CLANG_WARN_UNREACHABLE_CODE = YES;
				CLANG_WARN__DUPLICATE_METHOD_MATCH = YES;
				COPY_PHASE_STRIP = NO;
				DEBUG_INFORMATION_FORMAT = dwarf;
				DEVELOPMENT_TEAM = T84UJ8Z67C;
				ENABLE_STRICT_OBJC_MSGSEND = YES;
				ENABLE_TESTABILITY = YES;
				ENABLE_USER_SCRIPT_SANDBOXING = YES;
				GCC_C_LANGUAGE_STANDARD = gnu17;
				GCC_DYNAMIC_NO_PIC = NO;
				GCC_NO_COMMON_BLOCKS = YES;
				GCC_OPTIMIZATION_LEVEL = 0;
				GCC_PREPROCESSOR_DEFINITIONS = (
					"DEBUG=1",
					"$(inherited)",
				);
				GCC_WARN_64_TO_32_BIT_CONVERSION = YES;
				GCC_WARN_ABOUT_RETURN_TYPE = YES_ERROR;
				GCC_WARN_UNDECLARED_SELECTOR = YES;
				GCC_WARN_UNINITIALIZED_AUTOS = YES_AGGRESSIVE;
				GCC_WARN_UNUSED_FUNCTION = YES;
				GCC_WARN_UNUSED_VARIABLE = YES;
				LOCALIZATION_PREFERS_STRING_CATALOGS = YES;
				MACOSX_DEPLOYMENT_TARGET = 26.2;
				MTL_ENABLE_DEBUG_INFO = INCLUDE_SOURCE;
				MTL_FAST_MATH = YES;
				ONLY_ACTIVE_ARCH = YES;
				SDKROOT = macosx;
				SWIFT_ACTIVE_COMPILATION_CONDITIONS = "DEBUG $(inherited)";
				SWIFT_OPTIMIZATION_LEVEL = "-Onone";
			};
			name = Debug;
		};
		CF4891AF2F1D1DEB002E107B /* Release configuration for PBXProject "GDS.FM" */ = {
			isa = XCBuildConfiguration;
			buildSettings = {
				ALWAYS_SEARCH_USER_PATHS = NO;
				ASSETCATALOG_COMPILER_GENERATE_SWIFT_ASSET_SYMBOL_EXTENSIONS = YES;
				CLANG_ANALYZER_NONNULL = YES;
				CLANG_ANALYZER_NUMBER_OBJECT_CONVERSION = YES_AGGRESSIVE;
				CLANG_CXX_LANGUAGE_STANDARD = "gnu++20";
				CLANG_ENABLE_MODULES = YES;
				CLANG_ENABLE_OBJC_ARC = YES;
				CLANG_ENABLE_OBJC_WEAK = YES;
				CLANG_WARN_BLOCK_CAPTURE_AUTORELEASING = YES;
				CLANG_WARN_BOOL_CONVERSION = YES;
				CLANG_WARN_COMMA = YES;
				CLANG_WARN_CONSTANT_CONVERSION = YES;
				CLANG_WARN_DEPRECATED_OBJC_IMPLEMENTATIONS = YES;
				CLANG_WARN_DIRECT_OBJC_ISA_USAGE = YES_ERROR;
				CLANG_WARN_DOCUMENTATION_COMMENTS = YES;
				CLANG_WARN_EMPTY_BODY = YES;
				CLANG_WARN_ENUM_CONVERSION = YES;
				CLANG_WARN_INFINITE_RECURSION = YES;
				CLANG_WARN_INT_CONVERSION = YES;
				CLANG_WARN_NON_LITERAL_NULL_CONVERSION = YES;
				CLANG_WARN_OBJC_IMPLICIT_RETAIN_SELF = YES;
				CLANG_WARN_OBJC_LITERAL_CONVERSION = YES;
				CLANG_WARN_OBJC_ROOT_CLASS = YES_ERROR;
				CLANG_WARN_QUOTED_INCLUDE_IN_FRAMEWORK_HEADER = YES;
				CLANG_WARN_RANGE_LOOP_ANALYSIS = YES;
				CLANG_WARN_STRICT_PROTOTYPES = YES;
				CLANG_WARN_SUSPICIOUS_MOVE = YES;
				CLANG_WARN_UNGUARDED_AVAILABILITY = YES_AGGRESSIVE;
				CLANG_WARN_UNREACHABLE_CODE = YES;
				CLANG_WARN__DUPLICATE_METHOD_MATCH = YES;
				COPY_PHASE_STRIP = NO;
				DEBUG_INFORMATION_FORMAT = "dwarf-with-dsym";
				DEVELOPMENT_TEAM = T84UJ8Z67C;
				ENABLE_NS_ASSERTIONS = NO;
				ENABLE_STRICT_OBJC_MSGSEND = YES;
				ENABLE_USER_SCRIPT_SANDBOXING = YES;
				GCC_C_LANGUAGE_STANDARD = gnu17;
				GCC_NO_COMMON_BLOCKS = YES;
				GCC_WARN_64_TO_32_BIT_CONVERSION = YES;
				GCC_WARN_ABOUT_RETURN_TYPE = YES_ERROR;
				GCC_WARN_UNDECLARED_SELECTOR = YES;
				GCC_WARN_UNINITIALIZED_AUTOS = YES_AGGRESSIVE;
				GCC_WARN_UNUSED_FUNCTION = YES;
				GCC_WARN_UNUSED_VARIABLE = YES;
				LOCALIZATION_PREFERS_STRING_CATALOGS = YES;
				MACOSX_DEPLOYMENT_TARGET = 26.2;
				MTL_ENABLE_DEBUG_INFO = NO;
				MTL_FAST_MATH = YES;
				SDKROOT = macosx;
				SWIFT_COMPILATION_MODE = wholemodule;
			};
			name = Release;
		};
		CF4891B12F1D1DEB002E107B /* Debug configuration for PBXNativeTarget "GDS.FM" */ = {
			isa = XCBuildConfiguration;
			buildSettings = {
				ASSETCATALOG_COMPILER_APPICON_NAME = AppIcon;
				ASSETCATALOG_COMPILER_GLOBAL_ACCENT_COLOR_NAME = AccentColor;
				CODE_SIGN_ENTITLEMENTS = GDS.FM/GDS.FM.entitlements;
				CODE_SIGN_STYLE = Automatic;
				COMBINE_HIDPI_IMAGES = YES;
				CURRENT_PROJECT_VERSION = 1;
				DEVELOPMENT_TEAM = T84UJ8Z67C;
				ENABLE_APP_SANDBOX = YES;
				ENABLE_HARDENED_RUNTIME = YES;
				ENABLE_PREVIEWS = YES;
				ENABLE_USER_SELECTED_FILES = readonly;
				GENERATE_INFOPLIST_FILE = YES;
				INFOPLIST_FILE = GDS.FM/Info.plist;
				INFOPLIST_KEY_LSUIElement = YES;
				INFOPLIST_KEY_NSHumanReadableCopyright = "";
				LD_RUNPATH_SEARCH_PATHS = (
					"$(inherited)",
					"@executable_path/../Frameworks",
				);
				MACOSX_DEPLOYMENT_TARGET = 15;
				PRODUCT_BUNDLE_IDENTIFIER = "ch.noordermeer.GDS-FM";
				PRODUCT_NAME = "$(TARGET_NAME)";
				REGISTER_APP_GROUPS = YES;
				STRING_CATALOG_GENERATE_SYMBOLS = YES;
				SWIFT_APPROACHABLE_CONCURRENCY = YES;
				SWIFT_DEFAULT_ACTOR_ISOLATION = MainActor;
				SWIFT_EMIT_LOC_STRINGS = YES;
				SWIFT_UPCOMING_FEATURE_MEMBER_IMPORT_VISIBILITY = YES;
				SWIFT_VERSION = 5.0;
			};
			name = Debug;
		};
		CF4891B22F1D1DEB002E107B /* Release configuration for PBXNativeTarget "GDS.FM" */ = {
			isa = XCBuildConfiguration;
			buildSettings = {
				ASSETCATALOG_COMPILER_APPICON_NAME = AppIcon;
				ASSETCATALOG_COMPILER_GLOBAL_ACCENT_COLOR_NAME = AccentColor;
				CODE_SIGN_ENTITLEMENTS = GDS.FM/GDS.FM.entitlements;
				CODE_SIGN_STYLE = Automatic;
				COMBINE_HIDPI_IMAGES = YES;
				CURRENT_PROJECT_VERSION = 1;
				DEVELOPMENT_TEAM = T84UJ8Z67C;
				ENABLE_APP_SANDBOX = YES;
				ENABLE_HARDENED_RUNTIME = YES;
				ENABLE_PREVIEWS = YES;
				ENABLE_USER_SELECTED_FILES = readonly;
				GENERATE_INFOPLIST_FILE = YES;
				INFOPLIST_FILE = GDS.FM/Info.plist;
				INFOPLIST_KEY_LSUIElement = YES;
				INFOPLIST_KEY_NSHumanReadableCopyright = "";
				LD_RUNPATH_SEARCH_PATHS = (
					"$(inherited)",
					"@executable_path/../Frameworks",
				);
				MACOSX_DEPLOYMENT_TARGET = 15;
				PRODUCT_BUNDLE_IDENTIFIER = "ch.noordermeer.GDS-FM";
				PRODUCT_NAME = "$(TARGET_NAME)";
				REGISTER_APP_GROUPS = YES;
				STRING_CATALOG_GENERATE_SYMBOLS = YES;
				SWIFT_APPROACHABLE_CONCURRENCY = YES;
				SWIFT_DEFAULT_ACTOR_ISOLATION = MainActor;
				SWIFT_EMIT_LOC_STRINGS = YES;
				SWIFT_UPCOMING_FEATURE_MEMBER_IMPORT_VISIBILITY = YES;
				SWIFT_VERSION = 5.0;
			};
			name = Release;
		};
/* End XCBuildConfiguration section */

/* Begin XCConfigurationList section */
		CF48919E2F1D1DEB002E107B /* Build configuration list for PBXProject "GDS.FM" */ = {
			isa = XCConfigurationList;
			buildConfigurations = (
				CF4891AE2F1D1DEB002E107B /* Debug configuration for PBXProject "GDS.FM" */,
				CF4891AF2F1D1DEB002E107B /* Release configuration for PBXProject "GDS.FM" */,
			);
			defaultConfigurationName = Release;
		};
		CF4891B02F1D1DEB002E107B /* Build configuration list for PBXNativeTarget "GDS.FM" */ = {
			isa = XCConfigurationList;
			buildConfigurations = (
				CF4891B12F1D1DEB002E107B /* Debug configuration for PBXNativeTarget "GDS.FM" */,
				CF4891B22F1D1DEB002E107B /* Release configuration for PBXNativeTarget "GDS.FM" */,
			);
			defaultConfigurationName = Release;
		};
/* End XCConfigurationList section */

/* Begin XCRemoteSwiftPackageReference section */
		CFA000072F24000100000004 /* XCRemoteSwiftPackageReference "AviaryInsights" */ = {
			isa = XCRemoteSwiftPackageReference;
			repositoryURL = "https://github.com/brightdigit/AviaryInsights";
			requirement = {
				kind = upToNextMajorVersion;
				minimumVersion = 1.0.1;
			};
		};
		CFA000082F24000100000005 /* XCRemoteSwiftPackageReference "AppUpdater" */ = {
			isa = XCRemoteSwiftPackageReference;
			repositoryURL = "https://github.com/mxcl/AppUpdater";
			requirement = {
				kind = upToNextMajorVersion;
				minimumVersion = 1.1.1;
			};
		};
		CFA000092F24000100000006 /* XCRemoteSwiftPackageReference "PromiseKit" */ = {
			isa = XCRemoteSwiftPackageReference;
			repositoryURL = "https://github.com/mxcl/PromiseKit";
			requirement = {
				kind = upToNextMajorVersion;
				minimumVersion = 6.22.1;
			};
		};
/* End XCRemoteSwiftPackageReference section */

/* Begin XCSwiftPackageProductDependency section */
		CFA000022F24000100000001 /* AviaryInsights */ = {
			isa = XCSwiftPackageProductDependency;
			package = CFA000072F24000100000004 /* XCRemoteSwiftPackageReference "AviaryInsights" */;
			productName = AviaryInsights;
		};
		CFA000042F24000100000002 /* AppUpdater */ = {
			isa = XCSwiftPackageProductDependency;
			package = CFA000082F24000100000005 /* XCRemoteSwiftPackageReference "AppUpdater" */;
			productName = AppUpdater;
		};
		CFA000062F24000100000003 /* PromiseKit */ = {
			isa = XCSwiftPackageProductDependency;
			package = CFA000092F24000100000006 /* XCRemoteSwiftPackageReference "PromiseKit" */;
			productName = PromiseKit;
		};
/* End XCSwiftPackageProductDependency section */
	};
	rootObject = CF48919B2F1D1DEB002E107B /* Project object */;
}
