{
  "originHash" : "7d395f0e45faefd20d680f32f90da4a62e097657097d9d54527b6b87a05e2275",
  "pins" : [
    {
      "identity" : "appupdater",
      "kind" : "remoteSourceControl",
      "location" : "https://github.com/jorisnoo/AppUpdater",
      "state" : {
        "branch" : "develop",
        "revision" : "c1fcb043d2a1625d4caba403caab15ff0cf5dafc"
      }
    },
    {
      "identity" : "version",
      "kind" : "remoteSourceControl",
      "location" : "https://github.com/mxcl/Version",
      "state" : {
        "revision" : "67ce582bb9de70e1eb2ee41fd71aad3b5f86d97b",
        "version" : "2.2.0"
      }
    }
  ],
  "version" : 3
}
