{
  "originHash" : "a53300beae2bbf811afb5677ac127d772ad0e5591184b0db3e07edd45299d626",
  "pins" : [
    {
      "identity" : "appupdater",
      "kind" : "remoteSourceControl",
      "location" : "https://github.com/jorisnoo/AppUpdater",
      "state" : {
        "revision" : "2bb85cd74b7a30914b6c0f1a6c2d55947969e975",
        "version" : "3.0.0"
      }
    },
    {
      "identity" : "aptabase-swift",
      "kind" : "remoteSourceControl",
      "location" : "https://github.com/jorisnoo/aptabase-swift",
      "state" : {
        "branch" : "main",
        "revision" : "fcef79929cc2fe6a897c82b935c0a1d628be7af0"
      }
    },
    {
      "identity" : "version",
      "kind" : "remoteSourceControl",
      "location" : "https://github.com/mxcl/Version",
      "state" : {
        "revision" : "67ce582bb9de70e1eb2ee41fd71aad3b5f86d97b",
        "version" : "2.2.0"
      }
    }
  ],
  "version" : 3
}
